<?xml version="1.0" encoding="utf-8"?>
<Project ToolsVersion="4.0" xmlns="http://schemas.microsoft.com/developer/msbuild/2003">
  <ItemGroup>
    <Filter Include="Assets">
      <UniqueIdentifier>6178b797-52a4-40f6-ab94-de3692d29911</UniqueIdentifier>
      <Extensions>ico;cur;bmp;dds;dlg;fbx;rct;bin;rgs;gif;jpg;jpeg;jpe;resx;tga;tiff;tif;png;wav;mfcribbon-ms</Extensions>
    </Filter>
    <Filter Include="Assets\music">
      <UniqueIdentifier>{ea6fd5e3-51cc-469e-9384-d7afbc3169bb}</UniqueIdentifier>
    </Filter>
    <Filter Include="Assets\sounds">
      <UniqueIdentifier>{c6e8d4d5-0b16-439a-8581-9050bddaa044}</UniqueIdentifier>
    </Filter>
    <Filter Include="Assets\textures">
      <UniqueIdentifier>{52392a99-76ef-4b61-aa96-a27b9719e876}</UniqueIdentifier>
    </Filter>
  </ItemGroup>
  <ItemGroup>
    <ClInclude Include="..\..\..\..\core\framework\util\windows\d3dx12.h" />
    <ClInclude Include="..\..\..\..\core\framework\util\windows\pch.h" />
    <ClInclude Include="..\..\..\..\core\framework\util\windows\StepTimer.h" />
    <ClInclude Include="..\..\..\..\core\framework\ui\direct3d\win32\DeviceResources.h" />
    <ClInclude Include="..\..\..\..\core\framework\entity\GridLockedPhysicalEntity.h" />
    <ClInclude Include="..\..\..\..\core\framework\entity\GridManager.h" />
    <ClInclude Include="..\..\..\..\core\framework\entity\PhysicalEntity.h" />
    <ClInclude Include="..\..\..\..\core\framework\entity\Entity.h" />
    <ClInclude Include="..\..\..\..\core\framework\entity\EntityManager.h" />
    <ClInclude Include="..\..\..\..\core\framework\math\Line.h" />
    <ClInclude Include="..\..\..\..\core\framework\math\MathUtil.h" />
    <ClInclude Include="..\..\..\..\core\framework\math\OverlapTester.h" />
    <ClInclude Include="..\..\..\..\core\framework\math\Triangle.h" />
    <ClInclude Include="..\..\..\..\core\framework\math\Vector2D.h" />
    <ClInclude Include="..\..\..\..\core\framework\math\Circle.h" />
    <ClInclude Include="..\..\..\..\core\framework\network\client\client.h" />
    <ClInclude Include="..\..\..\..\core\framework\state\State.h" />
    <ClInclude Include="..\..\..\..\core\framework\state\StateMachine.h" />
    <ClInclude Include="..\..\..\..\core\framework\ui\portable\Assets.h" />
    <ClInclude Include="..\..\..\..\core\framework\ui\portable\CircleBatcher.h" />
    <ClInclude Include="..\..\..\..\core\framework\ui\portable\CircleBatcherFactory.h" />
    <ClInclude Include="..\..\..\..\core\framework\ui\portable\Color.h" />
    <ClInclude Include="..\..\..\..\core\framework\ui\portable\DummyGpuProgramWrapper.h" />
    <ClInclude Include="..\..\..\..\core\framework\ui\portable\Font.h" />
    <ClInclude Include="..\..\..\..\core\framework\ui\portable\GpuProgramWrapper.h" />
    <ClInclude Include="..\..\..\..\core\framework\ui\portable\GpuProgramWrapperFactory.h" />
    <ClInclude Include="..\..\..\..\core\framework\ui\portable\GpuTextureDataWrapper.h" />
    <ClInclude Include="..\..\..\..\core\framework\ui\portable\GpuTextureWrapper.h" />
    <ClInclude Include="..\..\..\..\core\framework\ui\portable\IAssetsMapper.h" />
    <ClInclude Include="..\..\..\..\core\framework\ui\portable\InputManager.h" />
    <ClInclude Include="..\..\..\..\core\framework\ui\portable\IRendererHelper.h" />
    <ClInclude Include="..\..\..\..\core\framework\ui\portable\IScreen.h" />
    <ClInclude Include="..\..\..\..\core\framework\ui\portable\ITextureLoader.h" />
    <ClInclude Include="..\..\..\..\core\framework\ui\portable\LineBatcher.h" />
    <ClInclude Include="..\..\..\..\core\framework\ui\portable\LineBatcherFactory.h" />
    <ClInclude Include="..\..\..\..\core\framework\ui\portable\Renderer.h" />
    <ClInclude Include="..\..\..\..\core\framework\ui\portable\RendererHelperFactory.h" />
    <ClInclude Include="..\..\..\..\core\framework\ui\portable\SoundManager.h" />
    <ClInclude Include="..\..\..\..\core\framework\ui\portable\SpriteBatcher.h" />
    <ClInclude Include="..\..\..\..\core\framework\ui\portable\SpriteBatcherFactory.h" />
    <ClInclude Include="..\..\..\..\core\framework\ui\portable\Text.h" />
    <ClInclude Include="..\..\..\..\core\framework\ui\portable\TextureLoaderFactory.h" />
    <ClInclude Include="..\..\..\..\core\framework\ui\portable\TextureRegion.h" />
    <ClInclude Include="..\..\..\..\core\framework\ui\portable\TextureWrapper.h" />
    <ClInclude Include="..\..\..\..\core\framework\ui\portable\TouchConverter.h" />
    <ClInclude Include="..\..\..\..\core\framework\ui\portable\TouchEvent.h" />
    <ClInclude Include="..\..\..\..\core\framework\ui\portable\TouchType.h" />
    <ClInclude Include="..\..\..\..\core\framework\ui\portable\TransitionGpuProgramWrapper.h" />
    <ClInclude Include="..\..\..\..\core\framework\ui\portable\Animation.h" />
    <ClInclude Include="..\..\..\..\core\framework\util\portable\FlagUtil.h" />
    <ClInclude Include="..\..\..\..\core\framework\util\portable\macros.h" />
    <ClInclude Include="..\..\..\..\core\framework\util\portable\RTTI.h" />
    <ClInclude Include="..\..\..\..\core\framework\util\portable\VectorUtil.h" />
    <ClInclude Include="..\..\..\..\core\framework\util\portable\EntityUtil.h" />
    <ClInclude Include="..\..\..\..\core\game\logic\GameConstants.h" />
    <ClInclude Include="..\..\..\..\core\game\ui\portable\MainRenderer.h" />
    <ClInclude Include="..\..\..\..\core\game\ui\portable\MainScreen.h" />
    <ClInclude Include="..\..\..\..\core\framework\ui\direct3d\portable\Direct3DFrameBufferToScreenGpuProgramWrapper.h" />
    <ClInclude Include="..\..\..\..\core\framework\ui\direct3d\portable\Direct3DGeometryGpuProgramWrapper.h" />
    <ClInclude Include="..\..\..\..\core\framework\ui\direct3d\portable\Direct3DLineBatcher.h" />
    <ClInclude Include="..\..\..\..\core\framework\ui\direct3d\portable\Direct3DManager.h" />
    <ClInclude Include="..\..\..\..\core\framework\ui\direct3d\portable\Direct3DProgram.h" />
    <ClInclude Include="..\..\..\..\core\framework\ui\direct3d\portable\Direct3DRendererHelper.h" />
    <ClInclude Include="..\..\..\..\core\framework\ui\direct3d\portable\Direct3DSpriteBatcher.h" />
    <ClInclude Include="..\..\..\..\core\framework\ui\direct3d\portable\Direct3DTextureGpuProgramWrapper.h" />
    <ClInclude Include="..\..\..\..\core\framework\ui\direct3d\portable\Direct3DTextureLoader.h" />
    <ClInclude Include="..\..\..\..\core\framework\ui\direct3d\portable\Direct3DCircleBatcher.h" />
    <ClInclude Include="..\..\..\..\core\framework\math\NGRect.h" />
    <ClInclude Include="..\..\..\..\core\framework\ui\portable\NGRectBatcherFactory.h" />
    <ClInclude Include="..\..\..\..\core\framework\ui\portable\NGRectBatcher.h" />
    <ClInclude Include="..\..\..\..\core\framework\ui\direct3d\portable\Direct3DNGRectBatcher.h" />
    <ClInclude Include="..\..\..\..\core\framework\file\windows\DDSTextureLoader.h" />
    <ClInclude Include="..\..\..\..\core\framework\file\windows\DirectXHelpers.h" />
    <ClInclude Include="..\..\..\..\core\framework\file\windows\LoaderHelpers.h" />
    <ClInclude Include="..\..\..\..\core\framework\file\windows\PlatformHelpers.h" />
    <ClInclude Include="..\..\..\..\core\framework\file\windows\dds.h" />
    <ClInclude Include="..\..\..\..\core\framework\file\windows\ReadData.h" />
    <ClInclude Include="..\..\..\..\core\framework\ui\direct3d\portable\GamePad.h" />
    <ClInclude Include="..\..\..\..\core\framework\ui\direct3d\portable\Keyboard.h" />
    <ClInclude Include="..\..\..\..\core\framework\ui\direct3d\portable\Mouse.h" />
    <ClInclude Include="..\..\..\..\core\framework\sound\windows\SoundCommon.h" />
    <ClInclude Include="..\..\..\..\core\framework\sound\windows\WaveBankReader.h" />
    <ClInclude Include="..\..\..\..\core\framework\sound\windows\WAVFileReader.h" />
    <ClInclude Include="..\..\..\..\core\game\ui\portable\MainAssetsMapper.h" />
    <ClInclude Include="..\..\..\..\core\game\logic\MusicConstants.h" />
    <ClInclude Include="..\..\..\..\core\game\logic\ScreenConstants.h" />
    <ClInclude Include="..\..\..\..\core\game\logic\SoundConstants.h" />
    <ClInclude Include="..\..\..\..\core\framework\sound\windows\Audio.h" />
    <ClInclude Include="..\..\..\..\core\game\ui\direct3d\Game.h" />
    <ClInclude Include="..\..\..\..\core\framework\ui\portable\IDeviceHelper.h" />
    <ClInclude Include="..\..\..\..\core\framework\ui\direct3d\portable\Direct3DDeviceHelper.h" />
    <ClInclude Include="..\..\..\..\core\framework\ui\portable\DeviceHelperFactory.h" />
  </ItemGroup>
  <ItemGroup>
    <ClCompile Include="..\..\..\..\core\framework\util\windows\pch.cpp" />
    <ClCompile Include="..\..\..\..\core\framework\ui\direct3d\win32\DeviceResources.cpp" />
    <ClCompile Include="..\..\..\..\core\framework\entity\GridLockedPhysicalEntity.cpp" />
    <ClCompile Include="..\..\..\..\core\framework\entity\GridManager.cpp" />
    <ClCompile Include="..\..\..\..\core\framework\entity\PhysicalEntity.cpp" />
    <ClCompile Include="..\..\..\..\core\framework\entity\Entity.cpp" />
    <ClCompile Include="..\..\..\..\core\framework\entity\EntityManager.cpp" />
    <ClCompile Include="..\..\..\..\core\framework\math\Line.cpp" />
    <ClCompile Include="..\..\..\..\core\framework\math\OverlapTester.cpp" />
    <ClCompile Include="..\..\..\..\core\framework\math\Triangle.cpp" />
    <ClCompile Include="..\..\..\..\core\framework\math\Vector2D.cpp" />
    <ClCompile Include="..\..\..\..\core\framework\math\Circle.cpp" />
    <ClCompile Include="..\..\..\..\core\framework\network\client\client.c" />
    <ClCompile Include="..\..\..\..\core\framework\ui\portable\CircleBatcher.cpp" />
    <ClCompile Include="..\..\..\..\core\framework\ui\portable\CircleBatcherFactory.cpp" />
    <ClCompile Include="..\..\..\..\core\framework\ui\portable\DummyGpuProgramWrapper.cpp" />
    <ClCompile Include="..\..\..\..\core\framework\ui\portable\Font.cpp" />
    <ClCompile Include="..\..\..\..\core\framework\ui\portable\GpuProgramWrapper.cpp" />
    <ClCompile Include="..\..\..\..\core\framework\ui\portable\GpuProgramWrapperFactory.cpp" />
    <ClCompile Include="..\..\..\..\core\framework\ui\portable\InputManager.cpp" />
    <ClCompile Include="..\..\..\..\core\framework\ui\portable\IScreen.cpp" />
    <ClCompile Include="..\..\..\..\core\framework\ui\portable\LineBatcher.cpp" />
    <ClCompile Include="..\..\..\..\core\framework\ui\portable\LineBatcherFactory.cpp" />
    <ClCompile Include="..\..\..\..\core\framework\ui\portable\Renderer.cpp" />
    <ClCompile Include="..\..\..\..\core\framework\ui\portable\RendererHelperFactory.cpp" />
    <ClCompile Include="..\..\..\..\core\framework\ui\portable\SoundManager.cpp" />
    <ClCompile Include="..\..\..\..\core\framework\ui\portable\SpriteBatcher.cpp" />
    <ClCompile Include="..\..\..\..\core\framework\ui\portable\SpriteBatcherFactory.cpp" />
    <ClCompile Include="..\..\..\..\core\framework\ui\portable\Text.cpp" />
    <ClCompile Include="..\..\..\..\core\framework\ui\portable\TextureLoaderFactory.cpp" />
    <ClCompile Include="..\..\..\..\core\framework\ui\portable\TextureRegion.cpp" />
    <ClCompile Include="..\..\..\..\core\framework\ui\portable\TouchConverter.cpp" />
    <ClCompile Include="..\..\..\..\core\framework\ui\portable\TouchEvent.cpp" />
    <ClCompile Include="..\..\..\..\core\framework\ui\portable\TransitionGpuProgramWrapper.cpp" />
    <ClCompile Include="..\..\..\..\core\framework\ui\portable\Animation.cpp" />
    <ClCompile Include="..\..\..\..\core\framework\ui\portable\Assets.cpp" />
    <ClCompile Include="..\..\..\..\core\framework\util\portable\RTTI.cpp" />
    <ClCompile Include="..\..\..\..\core\framework\util\portable\EntityUtil.cpp" />
    <ClCompile Include="..\..\..\..\core\game\ui\portable\MainScreen.cpp" />
    <ClCompile Include="..\..\..\..\core\game\ui\portable\MainRenderer.cpp" />
    <ClCompile Include="..\..\..\..\core\framework\ui\direct3d\portable\Direct3DFrameBufferToScreenGpuProgramWrapper.cpp" />
    <ClCompile Include="..\..\..\..\core\framework\ui\direct3d\portable\Direct3DGeometryGpuProgramWrapper.cpp" />
    <ClCompile Include="..\..\..\..\core\framework\ui\direct3d\portable\Direct3DLineBatcher.cpp" />
    <ClCompile Include="..\..\..\..\core\framework\ui\direct3d\portable\Direct3DManager.cpp" />
    <ClCompile Include="..\..\..\..\core\framework\ui\direct3d\portable\Direct3DProgram.cpp" />
    <ClCompile Include="..\..\..\..\core\framework\ui\direct3d\portable\Direct3DRendererHelper.cpp" />
    <ClCompile Include="..\..\..\..\core\framework\ui\direct3d\portable\Direct3DSpriteBatcher.cpp" />
    <ClCompile Include="..\..\..\..\core\framework\ui\direct3d\portable\Direct3DTextureGpuProgramWrapper.cpp" />
    <ClCompile Include="..\..\..\..\core\framework\ui\direct3d\portable\Direct3DTextureLoader.cpp" />
    <ClCompile Include="..\..\..\..\core\framework\ui\direct3d\portable\Direct3DCircleBatcher.cpp" />
    <ClCompile Include="..\..\..\..\core\framework\math\NGRect.cpp" />
    <ClCompile Include="..\..\..\..\core\framework\ui\portable\NGRectBatcherFactory.cpp" />
    <ClCompile Include="..\..\..\..\core\framework\ui\portable\NGRectBatcher.cpp" />
    <ClCompile Include="..\..\..\..\core\framework\ui\direct3d\portable\Direct3DNGRectBatcher.cpp" />
    <ClCompile Include="..\..\..\..\core\framework\file\windows\DDSTextureLoader.cpp" />
    <ClCompile Include="..\..\..\..\core\framework\ui\direct3d\portable\Keyboard.cpp" />
    <ClCompile Include="..\..\..\..\core\framework\ui\direct3d\portable\Mouse.cpp" />
    <ClCompile Include="..\..\..\..\core\framework\ui\direct3d\portable\GamePad.cpp" />
    <ClCompile Include="..\..\..\..\core\framework\sound\windows\AudioEngine.cpp" />
    <ClCompile Include="..\..\..\..\core\framework\sound\windows\DynamicSoundEffectInstance.cpp" />
    <ClCompile Include="..\..\..\..\core\framework\sound\windows\SoundCommon.cpp" />
    <ClCompile Include="..\..\..\..\core\framework\sound\windows\SoundEffect.cpp" />
    <ClCompile Include="..\..\..\..\core\framework\sound\windows\SoundEffectInstance.cpp" />
    <ClCompile Include="..\..\..\..\core\framework\sound\windows\WaveBank.cpp" />
    <ClCompile Include="..\..\..\..\core\framework\sound\windows\WaveBankReader.cpp" />
    <ClCompile Include="..\..\..\..\core\framework\sound\windows\WAVFileReader.cpp" />
    <ClCompile Include="..\..\..\..\core\game\ui\portable\MainAssetsMapper.cpp" />
    <ClCompile Include="..\..\..\..\core\game\ui\direct3d\Game.cpp" />
    <ClCompile Include="Main.cpp" />
    <ClCompile Include="..\..\..\..\core\framework\ui\direct3d\portable\Direct3DDeviceHelper.cpp" />
    <ClCompile Include="..\..\..\..\core\framework\ui\portable\DeviceHelperFactory.cpp" />
  </ItemGroup>
  <ItemGroup>
    <ResourceCompile Include="resource.rc" />
  </ItemGroup>
  <ItemGroup>
    <Image Include="directx.ico">
      <Filter>Assets</Filter>
    </Image>
  </ItemGroup>
  <ItemGroup>
    <Manifest Include="settings.manifest">
      <Filter>Assets</Filter>
    </Manifest>
  </ItemGroup>
  <ItemGroup>
    <FxCompile Include="..\..\..\..\core\framework\ui\direct3d\shader\ColorVertexShader.hlsl" />
    <FxCompile Include="..\..\..\..\core\framework\ui\direct3d\shader\FrameBufferToScreenPixelShader.hlsl" />
    <FxCompile Include="..\..\..\..\core\framework\ui\direct3d\shader\FrameBufferToScreenVertexShader.hlsl" />
    <FxCompile Include="..\..\..\..\core\framework\ui\direct3d\shader\TexturePixelShader.hlsl" />
    <FxCompile Include="..\..\..\..\core\framework\ui\direct3d\shader\TextureVertexShader.hlsl" />
    <FxCompile Include="..\..\..\..\core\framework\ui\direct3d\shader\ColorPixelShader.hlsl" />
  </ItemGroup>
  <ItemGroup>
    <CustomBuild Include="..\..\..\..\..\assets\textures\demo.png">
      <Filter>Assets\textures</Filter>
    </CustomBuild>
  </ItemGroup>
  <ItemGroup>
    <Media Include="music_demo.wav">
      <Filter>Assets\music</Filter>
    </Media>
    <Media Include="sound_demo.wav">
      <Filter>Assets\sounds</Filter>
    </Media>
  </ItemGroup>
</Project>